
Microsoft Visual Studio Solution File, Format Version 12.00
# Visual Studio Version 17
VisualStudioVersion = 17.3.32929.385
MinimumVisualStudioVersion = 10.0.40219.1
Project("{FAE04EC0-301F-11D3-BF4B-00C04F79EFBC}") = "OTL Hack", "OTL Hack\OTL Hack.csproj", "{80925244-2492-4FC6-941D-65F19F86B862}"
EndProject
Global
	GlobalSection(SolutionConfigurationPlatforms) = preSolution
		Debug|Any CPU = Debug|Any CPU
		Release|Any CPU = Release|Any CPU
	EndGlobalSection
	GlobalSection(ProjectConfigurationPlatforms) = postSolution
		{80925244-2492-4FC6-941D-65F19F86B862}.Debug|Any CPU.ActiveCfg = Debug|Any CPU
		{80925244-2492-4FC6-941D-65F19F86B862}.Debug|Any CPU.Build.0 = Debug|Any CPU
		{80925244-2492-4FC6-941D-65F19F86B862}.Release|Any CPU.ActiveCfg = Release|Any CPU
		{80925244-2492-4FC6-941D-65F19F86B862}.Release|Any CPU.Build.0 = Release|Any CPU
	EndGlobalSection
	GlobalSection(SolutionProperties) = preSolution
		HideSolutionNode = FALSE
	EndGlobalSection
	GlobalSection(ExtensibilityGlobals) = postSolution
		SolutionGuid = {C768F65D-5021-4B6B-ABC8-928692A1DC16}
	EndGlobalSection
EndGlobal
